
Microsoft Visual Studio Solution File, Format Version 12.00
# Visual Studio Version 16
VisualStudioVersion = 16.0.30804.86
MinimumVisualStudioVersion = 10.0.40219.1
Project("{FAE04EC0-301F-11D3-BF4B-00C04F79EFBC}") = "Avaliador", "Avaliador.csproj", "{E16FB7E0-8293-46ED-865C-A4E1A250BDB5}"
EndProject
Global
	GlobalSection(SolutionConfigurationPlatforms) = preSolution
		Debug|Any CPU = Debug|Any CPU
		Release|Any CPU = Release|Any CPU
	EndGlobalSection
	GlobalSection(ProjectConfigurationPlatforms) = postSolution
		{E16FB7E0-8293-46ED-865C-A4E1A250BDB5}.Debug|Any CPU.ActiveCfg = Debug|Any CPU
		{E16FB7E0-8293-46ED-865C-A4E1A250BDB5}.Debug|Any CPU.Build.0 = Debug|Any CPU
		{E16FB7E0-8293-46ED-865C-A4E1A250BDB5}.Release|Any CPU.ActiveCfg = Release|Any CPU
		{E16FB7E0-8293-46ED-865C-A4E1A250BDB5}.Release|Any CPU.Build.0 = Release|Any CPU
	EndGlobalSection
	GlobalSection(SolutionProperties) = preSolution
		HideSolutionNode = FALSE
	EndGlobalSection
	GlobalSection(ExtensibilityGlobals) = postSolution
		SolutionGuid = {6A0DA535-C20B-41FC-9DCE-E99AC408A6CB}
	EndGlobalSection
EndGlobal
